// !$*UTF8*$!
{
	archiveVersion = 1;
	classes = {
	};
	objectVersion = 56;
	objects = {

/* Begin PBXBuildFile section */
		6938F28C29C1331600DC5876 /* PianoApp.swift in Sources */ = {isa = PBXBuildFile; fileRef = 6938F28B29C1331600DC5876 /* PianoApp.swift */; };
		6938F28E29C1331600DC5876 /* ContentView.swift in Sources */ = {isa = PBXBuildFile; fileRef = 6938F28D29C1331600DC5876 /* ContentView.swift */; };
		6938F29029C1331800DC5876 /* Assets.xcassets in Resources */ = {isa = PBXBuildFile; fileRef = 6938F28F29C1331800DC5876 /* Assets.xcassets */; };
		6938F29329C1331800DC5876 /* Preview Assets.xcassets in Resources */ = {isa = PBXBuildFile; fileRef = 6938F29229C1331800DC5876 /* Preview Assets.xcassets */; };
		6938F2B429C4FEEB00DC5876 /* C4.mp3 in Resources */ = {isa = PBXBuildFile; fileRef = 6938F2AD29C4FEEA00DC5876 /* C4.mp3 */; };
		6938F2B529C4FEEB00DC5876 /* E3.mp3 in Resources */ = {isa = PBXBuildFile; fileRef = 6938F2AE29C4FEEA00DC5876 /* E3.mp3 */; };
		6938F2B629C4FEEB00DC5876 /* G3.mp3 in Resources */ = {isa = PBXBuildFile; fileRef = 6938F2AF29C4FEEA00DC5876 /* G3.mp3 */; };
		6938F2B729C4FEEB00DC5876 /* B3.mp3 in Resources */ = {isa = PBXBuildFile; fileRef = 6938F2B029C4FEEA00DC5876 /* B3.mp3 */; };
		6938F2B829C4FEEB00DC5876 /* C3.mp3 in Resources */ = {isa = PBXBuildFile; fileRef = 6938F2B129C4FEEA00DC5876 /* C3.mp3 */; };
		6938F2B929C4FEEB00DC5876 /* A3.mp3 in Resources */ = {isa = PBXBuildFile; fileRef = 6938F2B229C4FEEA00DC5876 /* A3.mp3 */; };
		6938F2BA29C4FEEB00DC5876 /* F3.mp3 in Resources */ = {isa = PBXBuildFile; fileRef = 6938F2B329C4FEEB00DC5876 /* F3.mp3 */; };
		6938F2BC29C5012900DC5876 /* D3.mp3 in Resources */ = {isa = PBXBuildFile; fileRef = 6938F2BB29C5012900DC5876 /* D3.mp3 */; };
		6938F2BE29C506F800DC5876 /* Db3.mp3 in Resources */ = {isa = PBXBuildFile; fileRef = 6938F2BD29C506F800DC5876 /* Db3.mp3 */; };
		6938F2C029C5070900DC5876 /* Bb3.mp3 in Resources */ = {isa = PBXBuildFile; fileRef = 6938F2BF29C5070900DC5876 /* Bb3.mp3 */; };
		6938F2C229C5072300DC5876 /* Ab3.mp3 in Resources */ = {isa = PBXBuildFile; fileRef = 6938F2C129C5072300DC5876 /* Ab3.mp3 */; };
		6938F2C429C5077400DC5876 /* Eb3.mp3 in Resources */ = {isa = PBXBuildFile; fileRef = 6938F2C329C5077400DC5876 /* Eb3.mp3 */; };
		6938F2C629C5078800DC5876 /* Gb3.mp3 in Resources */ = {isa = PBXBuildFile; fileRef = 6938F2C529C5078800DC5876 /* Gb3.mp3 */; };
/* End PBXBuildFile section */

/* Begin PBXFileReference section */
		6938F28829C1331600DC5876 /* Piano.app */ = {isa = PBXFileReference; explicitFileType = wrapper.application; includeInIndex = 0; path = Piano.app; sourceTree = BUILT_PRODUCTS_DIR; };
		6938F28B29C1331600DC5876 /* PianoApp.swift */ = {isa = PBXFileReference; lastKnownFileType = sourcecode.swift; path = PianoApp.swift; sourceTree = "<group>"; };
		6938F28D29C1331600DC5876 /* ContentView.swift */ = {isa = PBXFileReference; lastKnownFileType = sourcecode.swift; path = ContentView.swift; sourceTree = "<group>"; };
		6938F28F29C1331800DC5876 /* Assets.xcassets */ = {isa = PBXFileReference; lastKnownFileType = folder.assetcatalog; path = Assets.xcassets; sourceTree = "<group>"; };
		6938F29229C1331800DC5876 /* Preview Assets.xcassets */ = {isa = PBXFileReference; lastKnownFileType = folder.assetcatalog; path = "Preview Assets.xcassets"; sourceTree = "<group>"; };
		6938F2AD29C4FEEA00DC5876 /* C4.mp3 */ = {isa = PBXFileReference; lastKnownFileType = audio.mp3; path = C4.mp3; sourceTree = "<group>"; };
		6938F2AE29C4FEEA00DC5876 /* E3.mp3 */ = {isa = PBXFileReference; lastKnownFileType = audio.mp3; path = E3.mp3; sourceTree = "<group>"; };
		6938F2AF29C4FEEA00DC5876 /* G3.mp3 */ = {isa = PBXFileReference; lastKnownFileType = audio.mp3; path = G3.mp3; sourceTree = "<group>"; };
		6938F2B029C4FEEA00DC5876 /* B3.mp3 */ = {isa = PBXFileReference; lastKnownFileType = audio.mp3; path = B3.mp3; sourceTree = "<group>"; };
		6938F2B129C4FEEA00DC5876 /* C3.mp3 */ = {isa = PBXFileReference; lastKnownFileType = audio.mp3; path = C3.mp3; sourceTree = "<group>"; };
		6938F2B229C4FEEA00DC5876 /* A3.mp3 */ = {isa = PBXFileReference; lastKnownFileType = audio.mp3; path = A3.mp3; sourceTree = "<group>"; };
		6938F2B329C4FEEB00DC5876 /* F3.mp3 */ = {isa = PBXFileReference; lastKnownFileType = audio.mp3; path = F3.mp3; sourceTree = "<group>"; };
		6938F2BB29C5012900DC5876 /* D3.mp3 */ = {isa = PBXFileReference; lastKnownFileType = audio.mp3; name = D3.mp3; path = "../../../Downloads/piano-mp3-master 2/piano-mp3/D3.mp3"; sourceTree = "<group>"; };
		6938F2BD29C506F800DC5876 /* Db3.mp3 */ = {isa = PBXFileReference; lastKnownFileType = audio.mp3; name = Db3.mp3; path = "../../../Downloads/piano-mp3-master 2/piano-mp3/Db3.mp3"; sourceTree = "<group>"; };
		6938F2BF29C5070900DC5876 /* Bb3.mp3 */ = {isa = PBXFileReference; lastKnownFileType = audio.mp3; name = Bb3.mp3; path = "../../../Downloads/piano-mp3-master 2/piano-mp3/Bb3.mp3"; sourceTree = "<group>"; };
		6938F2C129C5072300DC5876 /* Ab3.mp3 */ = {isa = PBXFileReference; lastKnownFileType = audio.mp3; name = Ab3.mp3; path = "../../../Downloads/piano-mp3-master 2/piano-mp3/Ab3.mp3"; sourceTree = "<group>"; };
		6938F2C329C5077400DC5876 /* Eb3.mp3 */ = {isa = PBXFileReference; lastKnownFileType = audio.mp3; name = Eb3.mp3; path = "../../../Downloads/piano-mp3-master 2/piano-mp3/Eb3.mp3"; sourceTree = "<group>"; };
		6938F2C529C5078800DC5876 /* Gb3.mp3 */ = {isa = PBXFileReference; lastKnownFileType = audio.mp3; name = Gb3.mp3; path = "../../../Downloads/piano-mp3-master 2/piano-mp3/Gb3.mp3"; sourceTree = "<group>"; };
/* End PBXFileReference section */

/* Begin PBXFrameworksBuildPhase section */
		6938F28529C1331600DC5876 /* Frameworks */ = {
			isa = PBXFrameworksBuildPhase;
			buildActionMask = 2147483647;
			files = (
			);
			runOnlyForDeploymentPostprocessing = 0;
		};
/* End PBXFrameworksBuildPhase section */

/* Begin PBXGroup section */
		6938F27F29C1331600DC5876 = {
			isa = PBXGroup;
			children = (
				6938F2C529C5078800DC5876 /* Gb3.mp3 */,
				6938F2C129C5072300DC5876 /* Ab3.mp3 */,
				6938F2C329C5077400DC5876 /* Eb3.mp3 */,
				6938F2BF29C5070900DC5876 /* Bb3.mp3 */,
				6938F2BD29C506F800DC5876 /* Db3.mp3 */,
				6938F2BB29C5012900DC5876 /* D3.mp3 */,
				6938F2B229C4FEEA00DC5876 /* A3.mp3 */,
				6938F2B029C4FEEA00DC5876 /* B3.mp3 */,
				6938F2B129C4FEEA00DC5876 /* C3.mp3 */,
				6938F2AD29C4FEEA00DC5876 /* C4.mp3 */,
				6938F2AE29C4FEEA00DC5876 /* E3.mp3 */,
				6938F2B329C4FEEB00DC5876 /* F3.mp3 */,
				6938F2AF29C4FEEA00DC5876 /* G3.mp3 */,
				6938F28A29C1331600DC5876 /* Piano */,
				6938F28929C1331600DC5876 /* Products */,
			);
			sourceTree = "<group>";
		};
		6938F28929C1331600DC5876 /* Products */ = {
			isa = PBXGroup;
			children = (
				6938F28829C1331600DC5876 /* Piano.app */,
			);
			name = Products;
			sourceTree = "<group>";
		};
		6938F28A29C1331600DC5876 /* Piano */ = {
			isa = PBXGroup;
			children = (
				6938F28B29C1331600DC5876 /* PianoApp.swift */,
				6938F28D29C1331600DC5876 /* ContentView.swift */,
				6938F28F29C1331800DC5876 /* Assets.xcassets */,
				6938F29129C1331800DC5876 /* Preview Content */,
			);
			path = Piano;
			sourceTree = "<group>";
		};
		6938F29129C1331800DC5876 /* Preview Content */ = {
			isa = PBXGroup;
			children = (
				6938F29229C1331800DC5876 /* Preview Assets.xcassets */,
			);
			path = "Preview Content";
			sourceTree = "<group>";
		};
/* End PBXGroup section */

/* Begin PBXNativeTarget section */
		6938F28729C1331600DC5876 /* Piano */ = {
			isa = PBXNativeTarget;
			buildConfigurationList = 6938F29629C1331800DC5876 /* Build configuration list for PBXNativeTarget "Piano" */;
			buildPhases = (
				6938F28429C1331600DC5876 /* Sources */,
				6938F28529C1331600DC5876 /* Frameworks */,
				6938F28629C1331600DC5876 /* Resources */,
			);
			buildRules = (
			);
			dependencies = (
			);
			name = Piano;
			productName = Piano;
			productReference = 6938F28829C1331600DC5876 /* Piano.app */;
			productType = "com.apple.product-type.application";
		};
/* End PBXNativeTarget section */

/* Begin PBXProject section */
		6938F28029C1331600DC5876 /* Project object */ = {
			isa = PBXProject;
			attributes = {
				BuildIndependentTargetsInParallel = 1;
				LastSwiftUpdateCheck = 1420;
				LastUpgradeCheck = 1420;
				TargetAttributes = {
					6938F28729C1331600DC5876 = {
						CreatedOnToolsVersion = 14.2;
					};
				};
			};
			buildConfigurationList = 6938F28329C1331600DC5876 /* Build configuration list for PBXProject "Piano" */;
			compatibilityVersion = "Xcode 14.0";
			developmentRegion = en;
			hasScannedForEncodings = 0;
			knownRegions = (
				en,
				Base,
			);
			mainGroup = 6938F27F29C1331600DC5876;
			productRefGroup = 6938F28929C1331600DC5876 /* Products */;
			projectDirPath = "";
			projectRoot = "";
			targets = (
				6938F28729C1331600DC5876 /* Piano */,
			);
		};
/* End PBXProject section */

/* Begin PBXResourcesBuildPhase section */
		6938F28629C1331600DC5876 /* Resources */ = {
			isa = PBXResourcesBuildPhase;
			buildActionMask = 2147483647;
			files = (
				6938F2C629C5078800DC5876 /* Gb3.mp3 in Resources */,
				6938F2C029C5070900DC5876 /* Bb3.mp3 in Resources */,
				6938F2B929C4FEEB00DC5876 /* A3.mp3 in Resources */,
				6938F2B729C4FEEB00DC5876 /* B3.mp3 in Resources */,
				6938F2B529C4FEEB00DC5876 /* E3.mp3 in Resources */,
				6938F29329C1331800DC5876 /* Preview Assets.xcassets in Resources */,
				6938F2B829C4FEEB00DC5876 /* C3.mp3 in Resources */,
				6938F2BC29C5012900DC5876 /* D3.mp3 in Resources */,
				6938F29029C1331800DC5876 /* Assets.xcassets in Resources */,
				6938F2B629C4FEEB00DC5876 /* G3.mp3 in Resources */,
				6938F2C429C5077400DC5876 /* Eb3.mp3 in Resources */,
				6938F2B429C4FEEB00DC5876 /* C4.mp3 in Resources */,
				6938F2BA29C4FEEB00DC5876 /* F3.mp3 in Resources */,
				6938F2C229C5072300DC5876 /* Ab3.mp3 in Resources */,
				6938F2BE29C506F800DC5876 /* Db3.mp3 in Resources */,
			);
			runOnlyForDeploymentPostprocessing = 0;
		};
/* End PBXResourcesBuildPhase section */

/* Begin PBXSourcesBuildPhase section */
		6938F28429C1331600DC5876 /* Sources */ = {
			isa = PBXSourcesBuildPhase;
			buildActionMask = 2147483647;
			files = (
				6938F28E29C1331600DC5876 /* ContentView.swift in Sources */,
				6938F28C29C1331600DC5876 /* PianoApp.swift in Sources */,
			);
			runOnlyForDeploymentPostprocessing = 0;
		};
/* End PBXSourcesBuildPhase section */

/* Begin XCBuildConfiguration section */
		6938F29429C1331800DC5876 /* Debug */ = {
			isa = XCBuildConfiguration;
			buildSettings = {
				ALWAYS_SEARCH_USER_PATHS = NO;
				CLANG_ANALYZER_NONNULL = YES;
				CLANG_ANALYZER_NUMBER_OBJECT_CONVERSION = YES_AGGRESSIVE;
				CLANG_CXX_LANGUAGE_STANDARD = "gnu++20";
				CLANG_ENABLE_MODULES = YES;
				CLANG_ENABLE_OBJC_ARC = YES;
				CLANG_ENABLE_OBJC_WEAK = YES;
				CLANG_WARN_BLOCK_CAPTURE_AUTORELEASING = YES;
				CLANG_WARN_BOOL_CONVERSION = YES;
				CLANG_WARN_COMMA = YES;
				CLANG_WARN_CONSTANT_CONVERSION = YES;
				CLANG_WARN_DEPRECATED_OBJC_IMPLEMENTATIONS = YES;
				CLANG_WARN_DIRECT_OBJC_ISA_USAGE = YES_ERROR;
				CLANG_WARN_DOCUMENTATION_COMMENTS = YES;
				CLANG_WARN_EMPTY_BODY = YES;
				CLANG_WARN_ENUM_CONVERSION = YES;
				CLANG_WARN_INFINITE_RECURSION = YES;
				CLANG_WARN_INT_CONVERSION = YES;
				CLANG_WARN_NON_LITERAL_NULL_CONVERSION = YES;
				CLANG_WARN_OBJC_IMPLICIT_RETAIN_SELF = YES;
				CLANG_WARN_OBJC_LITERAL_CONVERSION = YES;
				CLANG_WARN_OBJC_ROOT_CLASS = YES_ERROR;
				CLANG_WARN_QUOTED_INCLUDE_IN_FRAMEWORK_HEADER = YES;
				CLANG_WARN_RANGE_LOOP_ANALYSIS = YES;
				CLANG_WARN_STRICT_PROTOTYPES = YES;
				CLANG_WARN_SUSPICIOUS_MOVE = YES;
				CLANG_WARN_UNGUARDED_AVAILABILITY = YES_AGGRESSIVE;
				CLANG_WARN_UNREACHABLE_CODE = YES;
				CLANG_WARN__DUPLICATE_METHOD_MATCH = YES;
				COPY_PHASE_STRIP = NO;
				DEBUG_INFORMATION_FORMAT = dwarf;
				ENABLE_STRICT_OBJC_MSGSEND = YES;
				ENABLE_TESTABILITY = YES;
				GCC_C_LANGUAGE_STANDARD = gnu11;
				GCC_DYNAMIC_NO_PIC = NO;
				GCC_NO_COMMON_BLOCKS = YES;
				GCC_OPTIMIZATION_LEVEL = 0;
				GCC_PREPROCESSOR_DEFINITIONS = (
					"DEBUG=1",
					"$(inherited)",
				);
				GCC_WARN_64_TO_32_BIT_CONVERSION = YES;
				GCC_WARN_ABOUT_RETURN_TYPE = YES_ERROR;
				GCC_WARN_UNDECLARED_SELECTOR = YES;
				GCC_WARN_UNINITIALIZED_AUTOS = YES_AGGRESSIVE;
				GCC_WARN_UNUSED_FUNCTION = YES;
				GCC_WARN_UNUSED_VARIABLE = YES;
				IPHONEOS_DEPLOYMENT_TARGET = 16.2;
				MTL_ENABLE_DEBUG_INFO = INCLUDE_SOURCE;
				MTL_FAST_MATH = YES;
				ONLY_ACTIVE_ARCH = YES;
				SDKROOT = iphoneos;
				SWIFT_ACTIVE_COMPILATION_CONDITIONS = DEBUG;
				SWIFT_OPTIMIZATION_LEVEL = "-Onone";
			};
			name = Debug;
		};
		6938F29529C1331800DC5876 /* Release */ = {
			isa = XCBuildConfiguration;
			buildSettings = {
				ALWAYS_SEARCH_USER_PATHS = NO;
				CLANG_ANALYZER_NONNULL = YES;
				CLANG_ANALYZER_NUMBER_OBJECT_CONVERSION = YES_AGGRESSIVE;
				CLANG_CXX_LANGUAGE_STANDARD = "gnu++20";
				CLANG_ENABLE_MODULES = YES;
				CLANG_ENABLE_OBJC_ARC = YES;
				CLANG_ENABLE_OBJC_WEAK = YES;
				CLANG_WARN_BLOCK_CAPTURE_AUTORELEASING = YES;
				CLANG_WARN_BOOL_CONVERSION = YES;
				CLANG_WARN_COMMA = YES;
				CLANG_WARN_CONSTANT_CONVERSION = YES;
				CLANG_WARN_DEPRECATED_OBJC_IMPLEMENTATIONS = YES;
				CLANG_WARN_DIRECT_OBJC_ISA_USAGE = YES_ERROR;
				CLANG_WARN_DOCUMENTATION_COMMENTS = YES;
				CLANG_WARN_EMPTY_BODY = YES;
				CLANG_WARN_ENUM_CONVERSION = YES;
				CLANG_WARN_INFINITE_RECURSION = YES;
				CLANG_WARN_INT_CONVERSION = YES;
				CLANG_WARN_NON_LITERAL_NULL_CONVERSION = YES;
				CLANG_WARN_OBJC_IMPLICIT_RETAIN_SELF = YES;
				CLANG_WARN_OBJC_LITERAL_CONVERSION = YES;
				CLANG_WARN_OBJC_ROOT_CLASS = YES_ERROR;
				CLANG_WARN_QUOTED_INCLUDE_IN_FRAMEWORK_HEADER = YES;
				CLANG_WARN_RANGE_LOOP_ANALYSIS = YES;
				CLANG_WARN_STRICT_PROTOTYPES = YES;
				CLANG_WARN_SUSPICIOUS_MOVE = YES;
				CLANG_WARN_UNGUARDED_AVAILABILITY = YES_AGGRESSIVE;
				CLANG_WARN_UNREACHABLE_CODE = YES;
				CLANG_WARN__DUPLICATE_METHOD_MATCH = YES;
				COPY_PHASE_STRIP = NO;
				DEBUG_INFORMATION_FORMAT = "dwarf-with-dsym";
				ENABLE_NS_ASSERTIONS = NO;
				ENABLE_STRICT_OBJC_MSGSEND = YES;
				GCC_C_LANGUAGE_STANDARD = gnu11;
				GCC_NO_COMMON_BLOCKS = YES;
				GCC_WARN_64_TO_32_BIT_CONVERSION = YES;
				GCC_WARN_ABOUT_RETURN_TYPE = YES_ERROR;
				GCC_WARN_UNDECLARED_SELECTOR = YES;
				GCC_WARN_UNINITIALIZED_AUTOS = YES_AGGRESSIVE;
				GCC_WARN_UNUSED_FUNCTION = YES;
				GCC_WARN_UNUSED_VARIABLE = YES;
				IPHONEOS_DEPLOYMENT_TARGET = 16.2;
				MTL_ENABLE_DEBUG_INFO = NO;
				MTL_FAST_MATH = YES;
				SDKROOT = iphoneos;
				SWIFT_COMPILATION_MODE = wholemodule;
				SWIFT_OPTIMIZATION_LEVEL = "-O";
				VALIDATE_PRODUCT = YES;
			};
			name = Release;
		};
		6938F29729C1331800DC5876 /* Debug */ = {
			isa = XCBuildConfiguration;
			buildSettings = {
				ASSETCATALOG_COMPILER_APPICON_NAME = AppIcon;
				ASSETCATALOG_COMPILER_GLOBAL_ACCENT_COLOR_NAME = AccentColor;
				CODE_SIGN_STYLE = Automatic;
				CURRENT_PROJECT_VERSION = 1;
				DEVELOPMENT_ASSET_PATHS = "\"Piano/Preview Content\"";
				DEVELOPMENT_TEAM = FZ2MFL7TN8;
				ENABLE_PREVIEWS = YES;
				GENERATE_INFOPLIST_FILE = YES;
				INFOPLIST_KEY_UIApplicationSceneManifest_Generation = YES;
				INFOPLIST_KEY_UIApplicationSupportsIndirectInputEvents = YES;
				INFOPLIST_KEY_UILaunchScreen_Generation = YES;
				INFOPLIST_KEY_UISupportedInterfaceOrientations_iPad = "UIInterfaceOrientationPortrait UIInterfaceOrientationPortraitUpsideDown UIInterfaceOrientationLandscapeLeft UIInterfaceOrientationLandscapeRight";
				INFOPLIST_KEY_UISupportedInterfaceOrientations_iPhone = "UIInterfaceOrientationPortrait UIInterfaceOrientationLandscapeLeft UIInterfaceOrientationLandscapeRight";
				LD_RUNPATH_SEARCH_PATHS = (
					"$(inherited)",
					"@executable_path/Frameworks",
				);
				MARKETING_VERSION = 1.0;
				PRODUCT_BUNDLE_IDENTIFIER = captech.si.mentorship.Piano;
				PRODUCT_NAME = "$(TARGET_NAME)";
				SWIFT_EMIT_LOC_STRINGS = YES;
				SWIFT_VERSION = 5.0;
				TARGETED_DEVICE_FAMILY = "1,2";
			};
			name = Debug;
		};
		6938F29829C1331800DC5876 /* Release */ = {
			isa = XCBuildConfiguration;
			buildSettings = {
				ASSETCATALOG_COMPILER_APPICON_NAME = AppIcon;
				ASSETCATALOG_COMPILER_GLOBAL_ACCENT_COLOR_NAME = AccentColor;
				CODE_SIGN_STYLE = Automatic;
				CURRENT_PROJECT_VERSION = 1;
				DEVELOPMENT_ASSET_PATHS = "\"Piano/Preview Content\"";
				DEVELOPMENT_TEAM = FZ2MFL7TN8;
				ENABLE_PREVIEWS = YES;
				GENERATE_INFOPLIST_FILE = YES;
				INFOPLIST_KEY_UIApplicationSceneManifest_Generation = YES;
				INFOPLIST_KEY_UIApplicationSupportsIndirectInputEvents = YES;
				INFOPLIST_KEY_UILaunchScreen_Generation = YES;
				INFOPLIST_KEY_UISupportedInterfaceOrientations_iPad = "UIInterfaceOrientationPortrait UIInterfaceOrientationPortraitUpsideDown UIInterfaceOrientationLandscapeLeft UIInterfaceOrientationLandscapeRight";
				INFOPLIST_KEY_UISupportedInterfaceOrientations_iPhone = "UIInterfaceOrientationPortrait UIInterfaceOrientationLandscapeLeft UIInterfaceOrientationLandscapeRight";
				LD_RUNPATH_SEARCH_PATHS = (
					"$(inherited)",
					"@executable_path/Frameworks",
				);
				MARKETING_VERSION = 1.0;
				PRODUCT_BUNDLE_IDENTIFIER = captech.si.mentorship.Piano;
				PRODUCT_NAME = "$(TARGET_NAME)";
				SWIFT_EMIT_LOC_STRINGS = YES;
				SWIFT_VERSION = 5.0;
				TARGETED_DEVICE_FAMILY = "1,2";
			};
			name = Release;
		};
/* End XCBuildConfiguration section */

/* Begin XCConfigurationList section */
		6938F28329C1331600DC5876 /* Build configuration list for PBXProject "Piano" */ = {
			isa = XCConfigurationList;
			buildConfigurations = (
				6938F29429C1331800DC5876 /* Debug */,
				6938F29529C1331800DC5876 /* Release */,
			);
			defaultConfigurationIsVisible = 0;
			defaultConfigurationName = Release;
		};
		6938F29629C1331800DC5876 /* Build configuration list for PBXNativeTarget "Piano" */ = {
			isa = XCConfigurationList;
			buildConfigurations = (
				6938F29729C1331800DC5876 /* Debug */,
				6938F29829C1331800DC5876 /* Release */,
			);
			defaultConfigurationIsVisible = 0;
			defaultConfigurationName = Release;
		};
/* End XCConfigurationList section */
	};
	rootObject = 6938F28029C1331600DC5876 /* Project object */;
}
